{
    "_meta": {
        "hash": {
            "sha256": "a5f5c94135c6d21fafff0ca97ddbb93c5ada99bcbde50f508f88c8f971a58d1f"
        },
        "pipfile-spec": 6,
        "requires": {
            "python_version": "3.5"
        },
        "sources": [
            {
                "name": "pypi",
                "url": "https://pypi.org/simple",
                "verify_ssl": true
            }
        ]
    },
    "default": {
        "certifi": {
            "hashes": [
                "sha256:2bbf76fd432960138b3ef6dda3dde0544f27cbf8546c458e60baf371917ba9ee",
                "sha256:50b1e4f8446b06f41be7dd6338db18e0990601dce795c2b1686458aa7e8fa7d8"
            ],
            "version": "==2021.5.30"
        },
        "chardet": {
            "hashes": [
                "sha256:0d6f53a15db4120f2b08c94f11e7d93d2c911ee118b6b30a04ec3ee8310179fa",
                "sha256:f864054d66fd9118f2e67044ac8981a54775ec5b67aed0441892edb553d21da5"
            ],
            "version": "==4.0.0"
        },
        "cymem": {
            "hashes": [
                "sha256:01d3ea159f7a3f3192b1e800ed8207dac7586794d903a153198b9ea317f144bc",
                "sha256:190e15d9cf2c3bde60ae37bddbae6568a36044dc4a326d84081a5fa08818eee0",
                "sha256:1f0eb9b3d03623dcfc746cf8bff0663b0e347f4aea759965c8932087a0307ee9",
                "sha256:3d48902d7441645835fefc7832df49feb5362c7300d182475b63a01d25ae44ef",
                "sha256:4bd023c2477198b39b660c2a6b0242880649765ecee8461688a57fd4afd2bfc0",
                "sha256:734d82d0d03c2ceb929bc1744c04dbe0a105e68a4947c8406056a36f86c41830",
                "sha256:8ea57e6923f40eb51012352161bb5707c14a5a5ce901ff72021e59df06221655",
                "sha256:9d72d69f7a62a280199c3aa7bc550685c47d6d0689b2d299e6492253b86d2437",
                "sha256:a440d63577fcdc9c528c9cc026b7b4f8648193bac462bc0596c9eac10f9fba62",
                "sha256:ce1e81c1d031f56b67bac2136e73b4512cbc794706cd570178972d54ba6115d8",
                "sha256:d19f68b90411e02ab33b1654118337f96f41c13a3cd00c4f44f7abed2bc712e7",
                "sha256:d307f7f6230d861a938837cae4b855226b6845a21c010242a15e9ce6853856cd",
                "sha256:f2167c9959fcd639b95d51fa5efaa7c61eef8d686cb75a25412a914f428ce980"
            ],
            "version": "==2.0.5"
        },
        "cytoolz": {
            "hashes": [
                "sha256:84cc06fa40aa310f2df79dd440fc5f84c3e20f01f9f7783fc9c38d0a11ba00e5"
            ],
            "version": "==0.9.0.1"
        },
        "dill": {
            "hashes": [
                "sha256:f6d6046f9f9195206063dd0415dff185ad593d6ee8b0e67f12597c0f4df4986f"
            ],
            "version": "==0.2.9"
        },
        "fasttext": {
            "git": "https://github.com/facebookresearch/fastText.git",
            "ref": "a20c0d27cd0ee88a25ea0433b7f03038cd728459"
        },
        "idna": {
            "hashes": [
                "sha256:b307872f855b18632ce0c21c5e45be78c0ea7ae4c15c828c20788b26921eb3f6",
                "sha256:b97d804b1e9b523befed77c48dacec60e6dcb0b5391d57af6a65a312a90648c0"
            ],
            "version": "==2.10"
        },
        "msgpack": {
            "hashes": [
                "sha256:0b3b1773d2693c70598585a34ca2715873ba899565f0a7c9a1545baef7e7fbdc",
                "sha256:0bae5d1538c5c6a75642f75a1781f3ac2275d744a92af1a453c150da3446138b",
                "sha256:0ee8c8c85aa651be3aa0cd005b5931769eaa658c948ce79428766f1bd46ae2c3",
                "sha256:1369f9edba9500c7a6489b70fdfac773e925342f4531f1e3d4c20ac3173b1ae0",
                "sha256:22d9c929d1d539f37da3d1b0e16270fa9d46107beab8c0d4d2bddffffe895cee",
                "sha256:2ff43e3247a1e11d544017bb26f580a68306cec7a6257d8818893c1fda665f42",
                "sha256:31a98047355d34d047fcdb55b09cb19f633cf214c705a765bd745456c142130c",
                "sha256:8767eb0032732c3a0da92cbec5ac186ef89a3258c6edca09161472ca0206c45f",
                "sha256:8acc8910218555044e23826980b950e96685dc48124a290c86f6f41a296ea172",
                "sha256:ab189a6365be1860a5ecf8159c248f12d33f79ea799ae9695fa6a29896dcf1d4",
                "sha256:cfd6535feb0f1cf1c7cdb25773e965cc9f92928244a8c3ef6f8f8a8e1f7ae5c4",
                "sha256:e274cd4480d8c76ec467a85a9c6635bbf2258f0649040560382ab58cabb44bcf",
                "sha256:f86642d60dca13e93260187d56c2bef2487aa4d574a669e8ceefcf9f4c26fd00",
                "sha256:f8a57cbda46a94ed0db55b73e6ab0c15e78b4ede8690fa491a0e55128d552bb0",
                "sha256:fcea97a352416afcbccd7af9625159d80704a25c519c251c734527329bb20d0e"
            ],
            "version": "==0.5.6"
        },
        "msgpack-numpy": {
            "hashes": [
                "sha256:0a8256ffcbee7fef50eff89a452e8873089e03d0bf88d83af87023ac71fdcf68",
                "sha256:7253c389db3d858101bc38272c2f14936f5760e889cccf0d5683375327b6915d"
            ],
            "version": "==0.4.3.2"
        },
        "murmurhash": {
            "hashes": [
                "sha256:023391cfefe584ac544c1ea0936976c0119b17dd27bb8280652cef1704f76428",
                "sha256:23c56182822a1ed88e2a098ac56958dfec380696a9a943df203b9b41e4bcf5e4",
                "sha256:76251513a2acad6c2e4b7aeffc5fcb807ee97a66cad5c2990557556555a6b7e9",
                "sha256:81474a45c4074637a6dfc8fea4cdebf091ab5aa781c2cfcb94c43b16030badd7",
                "sha256:8381172e03c5f6f947005fb146a53c5e5a9e0d630be4a40cbf8838e9324bfe1c",
                "sha256:892749023da26420d194f37bfa30df1368aaac0149cfa3b2105db36b66549e37",
                "sha256:98ec9d727bd998a35385abd56b062cf0cca216725ea7ec5068604ab566f7e97f",
                "sha256:99e55488476a5f70e8d305fd31258f140e52f724f788bcc50c31ec846a2b3766",
                "sha256:a9bd2312996e6e47605af305a1e5f091eba1bdd637cdd9986aec4885cb4c5530",
                "sha256:add366944eb8ec73013a4f36e166c5a4f0f7628ffe1746bc5fe031347489e5e8",
                "sha256:b9292c532538cf47846ca81056cfeab08b877c35fe7521d6524aa92ddcd833e2",
                "sha256:d4c3a0242014cf4c84e9ea0ba3f13b48f02a3992de3da7b1116d11b816451195",
                "sha256:d58315961dc5a5e740f41f2ac5c3a0ebc61ef472f8afeb4db7eeb3b863243105",
                "sha256:ef8819d15973e0d6f69688bafc097a1fae081675c1de39807028869a1320b1a9",
                "sha256:f00321998f0a6bad3fd068babf448a296d4b0b1f4dd424cab863ebe5ed54182f",
                "sha256:fd17973fd4554715efd8d86b3e9200358e49e437fdb92a897ca127aced48b61c",
                "sha256:fed7578fbaa6c301f27ed80834c1f7494ea7d335e269e98b9aee477cf0b3b487"
            ],
            "version": "==1.0.5"
        },
        "nltk": {
            "hashes": [
                "sha256:286f6797204ffdb52525a1d21ec0a221ec68b8e3fa4f2d25f412ac8e63c70e8d"
            ],
            "index": "pypi",
            "version": "==3.4"
        },
        "numpy": {
            "hashes": [
                "sha256:0df89ca13c25eaa1621a3f09af4c8ba20da849692dcae184cb55e80952c453fb",
                "sha256:154c35f195fd3e1fad2569930ca51907057ae35e03938f89a8aedae91dd1b7c7",
                "sha256:18e84323cdb8de3325e741a7a8dd4a82db74fde363dce32b625324c7b32aa6d7",
                "sha256:1e8956c37fc138d65ded2d96ab3949bd49038cc6e8a4494b1515b0ba88c91565",
                "sha256:23557bdbca3ccbde3abaa12a6e82299bc92d2b9139011f8c16ca1bb8c75d1e95",
                "sha256:24fd645a5e5d224aa6e39d93e4a722fafa9160154f296fd5ef9580191c755053",
                "sha256:36e36b6868e4440760d4b9b44587ea1dc1f06532858d10abba98e851e154ca70",
                "sha256:3d734559db35aa3697dadcea492a423118c5c55d176da2f3be9c98d4803fc2a7",
                "sha256:416a2070acf3a2b5d586f9a6507bb97e33574df5bd7508ea970bbf4fc563fa52",
                "sha256:4a22dc3f5221a644dfe4a63bf990052cc674ef12a157b1056969079985c92816",
                "sha256:4d8d3e5aa6087490912c14a3c10fbdd380b40b421c13920ff468163bc50e016f",
                "sha256:4f41fd159fba1245e1958a99d349df49c616b133636e0cf668f169bce2aeac2d",
                "sha256:561ef098c50f91fbac2cc9305b68c915e9eb915a74d9038ecf8af274d748f76f",
                "sha256:56994e14b386b5c0a9b875a76d22d707b315fa037affc7819cda08b6d0489756",
                "sha256:73a1f2a529604c50c262179fcca59c87a05ff4614fe8a15c186934d84d09d9a5",
                "sha256:7da99445fd890206bfcc7419f79871ba8e73d9d9e6b82fe09980bc5bb4efc35f",
                "sha256:99d59e0bcadac4aa3280616591fb7bcd560e2218f5e31d5223a2e12a1425d495",
                "sha256:a4cc09489843c70b22e8373ca3dfa52b3fab778b57cf81462f1203b0852e95e3",
                "sha256:a61dc29cfca9831a03442a21d4b5fd77e3067beca4b5f81f1a89a04a71cf93fa",
                "sha256:b1853df739b32fa913cc59ad9137caa9cc3d97ff871e2bbd89c2a2a1d4a69451",
                "sha256:b1f44c335532c0581b77491b7715a871d0dd72e97487ac0f57337ccf3ab3469b",
                "sha256:b261e0cb0d6faa8fd6863af26d30351fd2ffdb15b82e51e81e96b9e9e2e7ba16",
                "sha256:c857ae5dba375ea26a6228f98c195fec0898a0fd91bcf0e8a0cae6d9faf3eca7",
                "sha256:cf5bb4a7d53a71bb6a0144d31df784a973b36d8687d615ef6a7e9b1809917a9b",
                "sha256:db9814ff0457b46f2e1d494c1efa4111ca089e08c8b983635ebffb9c1573361f",
                "sha256:df04f4bad8a359daa2ff74f8108ea051670cafbca533bb2636c58b16e962989e",
                "sha256:ecf81720934a0e18526177e645cbd6a8a21bb0ddc887ff9738de07a1df5c6b61",
                "sha256:edfa6fba9157e0e3be0f40168eb142511012683ac3dc82420bee4a3f3981b30e"
            ],
            "index": "pypi",
            "version": "==1.15.4"
        },
        "plac": {
            "hashes": [
                "sha256:854693ad90367e8267112ffbb8955f57d6fdeac3191791dc9ffce80f87fd2370",
                "sha256:ba3f719a018175f0a15a6b04e6cc79c25fd563d348aacd320c3644d2a9baf89b"
            ],
            "version": "==0.9.6"
        },
        "preshed": {
            "hashes": [
                "sha256:0c9af79c7b825793f987d477627efb81afd23384ac791bebbc88a257342a77ab",
                "sha256:0ebc79431154bc5d12f97b3c93bc350af941702a44f0761dfcd395e970d693f8",
                "sha256:102e71dc841c979b2ece44ab05b2b0aa39c8039493ddac40dd22cf23e2484063",
                "sha256:15145b24eded01426544be829a6395d6c99e2d62f5f3b88a6e19087ebeef7237",
                "sha256:195674dfb4bcf18b26e448feaabdf61adcf028ae69ecaa075c0bdfaf62a19671",
                "sha256:38f7fbef59f89d3b2c8c3b102f9a7360cd73a33c829fdeb101c615b18ecc4686",
                "sha256:3aa411233dc230247ea4c4558062e5b2d59d41c697107a45fddbfe03e63f3e77",
                "sha256:3b8c7b607e6dce0843544cfe4f05355db0516fce8eca0c37d6b5f4f3680493bf",
                "sha256:4bda4153d46a603bc6ea65380dfa091d46700f664cb906c7f26a469be6c2a503",
                "sha256:541d7ed765d67512d6f9fa24fd01cc1d7a51c7ff2646362924f4db46813b485a",
                "sha256:593d23b9f851ae7a4d519ca4489dd2b352d833e08f5d35795d42a591b8badb54",
                "sha256:7f6fb8f4108abe958af892847ed50abe6f45aaf45a87853cc8154a7203e75d84",
                "sha256:7ff7f18af1f19ea666ac4fbf48842e6acd900fbfdc26bb9aad02f353ff932386",
                "sha256:9c0d503d8693bf1e08e0fa1cecbcd3253146abaa9a7501d7d583a72edd29fdd1",
                "sha256:9cefe818a97134c0ddf22ef76fced1c841ebd137c2895251c5d1310276c234b5",
                "sha256:9e603916a95dc524081d54c0a135611e6f68d787185d5df2b5ab3f076c3d1bd4",
                "sha256:a2acacceac79aa6d4b65125e20c7de78fbca1340a251854c87967acef1795490",
                "sha256:a3d592e7b265b4faf08c9b4d7493b9e8604e0ba8858cc9bd8c9aee41d3df2a3a",
                "sha256:b2030e68c6f539e6dd7bfcea032940042739ef05d50a2eb1d7af24e038971b0f",
                "sha256:bc894dc14d8567a5d6a1cded0a701da7fbb360b2124237fe8acde85333825aef",
                "sha256:c21d4d10cc0248ba3facbbbfbe63211ce921478a3d5db6de34de39ee1b3484e1",
                "sha256:dae01c74313965c487e0ec839e5f28d0c7df9bfd1d978aa5bada3f72ff20a9e5",
                "sha256:ee8068035684a4b382bebb3a3f270799360545baff9742b85e627a0a889e6850"
            ],
            "version": "==2.0.1"
        },
        "regex": {
            "hashes": [
                "sha256:079c656874ba6c2e3332df488d4eff33b94b4e260e3901dce1553cb4f1f36c73",
                "sha256:139678fc013b75e486e580c39b4c52d085ed7362e400960f8be1711a414f16b5",
                "sha256:26795107acb81bb07ef832832548834b03846eb046e5ba9a5917ee012c68c1e6",
                "sha256:28a542117efd479cff110711c28f34cb40636f670d427dc42710b5183fbd92c4",
                "sha256:3e2609e0e366b21c3db3d41159d99e7bd37e02caaba24bba77ec5cc594c62c4e",
                "sha256:45fed2f98e5ca0fc420ff31cbd9eccbee41e4d607569fddaba0faea36ef6043d",
                "sha256:47230e1af3479810b1ef2bf23768b5195588a03eea6248b678d6893c48f58082",
                "sha256:51306abdaac9e712b208066d284ddc7e3a332c77ad6054ba8d305d607609a328",
                "sha256:5f15a27c24ed4ad2ed492abe80ddf27d35d63ef6c0d8878c915de6bf9f36c6f3",
                "sha256:660990e223ef2f71cb78b4e106a9a023652a31fd305051a901b0f87171b69e24",
                "sha256:67025161b70b0625749b1b89200da59fecc2fda9d1e46f9ef588f9a4af9fc48f",
                "sha256:801e054c1aa163545d29e186a1bea779437a19b49c4da9e11049624c2d2bfd31",
                "sha256:93064faef899911a7378443fcfb1f2e93e19706a324162fc71dd996c85b24f37",
                "sha256:9c4b23f8a68470522a0cdfbdcffbe2f61d7659b5d505cb7c1a729a6805345210",
                "sha256:c1ef8f72944bef49261daaa83c7d77439f54f8deefefc0e2cf7144ac8b20ac1f"
            ],
            "version": "==2018.1.10"
        },
        "requests": {
            "hashes": [
                "sha256:27973dd4a904a4f13b263a19c866c13b92a39ed1c964655f025f3f8d3d75b804",
                "sha256:c210084e36a42ae6b9219e00e48287def368a26d03a048ddad7bfee44f75871e"
            ],
            "version": "==2.25.1"
        },
        "scipy": {
            "hashes": [
                "sha256:02cb79ea38114dc480e9b08d6b87095728e8fb39b9a49b449ee443d678001611",
                "sha256:03c827cdbc584e935264040b958e5fa0570a16095bee23a013482ba3f0e963a2",
                "sha256:04f2b23258139c109d0524f111597dd095a505d9cb2c71e381d688d653877fa3",
                "sha256:3132a9fab3f3545c8b0ba15688d11857efdd4a58d388d3785dc474f56fea7138",
                "sha256:4b1f0883cb9d8ee963cf0a31c87341e9e758abb2cf1e5bcc0d7b066ef6b17573",
                "sha256:4cce25c6e7ff7399c67dfe1b5423c36c391cf9b4b2be390c1675ab410f1ef503",
                "sha256:51a2424c8ed80e60bdb9a896806e7adaf24a58253b326fbad10f80a6d06f2214",
                "sha256:5706b785ca289fdfd91aa05066619e51d140613b613e35932601f2315f5d8470",
                "sha256:58f0435f052cb60f1472c77f52a8f6642f8877b70559e5e0b9a1744f33f5cbe5",
                "sha256:63e1d5ca9e5e1984f1a275276991b036e25d39d37dd7edbb3f4f6165c2da7dbb",
                "sha256:64b2c35824da3ef6bb1e722216e4ef28802af6413c7586136500e343d34ba179",
                "sha256:6f791987899532305126309578727c0197bddbafab9596bafe3e7bfab6e1ce13",
                "sha256:72bd766f753fd32f072d30d7bc2ad492d56dbcbf3e13764e27635d5c41079339",
                "sha256:7413080b381766a22d52814edb65631f0e323a7cea945c70021a672f38acc73f",
                "sha256:78a67ee4845440e81cfbfabde20537ca12051d0eeac951fe4c6d8751feac3103",
                "sha256:7994c044bf659b0a24ad7673ec7db85c2fadb87e4980a379a9fd5b086fe3649a",
                "sha256:7dc4002f0a0a688774ef04878afe769ecd1ac21fe9b4b1d7125e2cf16170afd3",
                "sha256:854bd87cc23824d5db4983956bc30f3790e1c7448f1a9e6a8fb7bff7601aef87",
                "sha256:8608316d0cc01f8b25111c8adfe6efbc959cbba037a62c784551568d7ffbf280",
                "sha256:8f5fcc87b48fc3dd6d901669c89af4feeb856dffb6f671539a238b7e8af1799c",
                "sha256:937147086e8b4338bf139ca8fa98da650e3a46bf2ca617f8e9dd68c3971ec420",
                "sha256:bc294841f6c822714af362095b181a853f47ed5ce757354bd2e4776d579ff3a4",
                "sha256:bc6a88b0009a1b60eab5c22ac3a006f6968d6328de10c6a64ebb0d64a05548d3",
                "sha256:c5eae911cf26b3c7eda889ec98d3c226f312c587acfaaf02602473f98b4c16d6",
                "sha256:cca33a01a5987c650b87a1a910aa311ffa44e67cca1ff502ef9efdae5d9a8624",
                "sha256:d1ae77b79fd5e27a10ba7c4e7c3a62927b9d29a4dccf28f6905c25d983aaf183",
                "sha256:fb36064047e6bf87b6320a9b6eb7f525ef6863c7a4aef1a84a4bbfb043612617",
                "sha256:fc1a19d95649439dbd50baca676bceb29bbfcd600aed2c5bd71d9bad82a87cfe"
            ],
            "index": "pypi",
            "version": "==1.2.0"
        },
        "singledispatch": {
            "hashes": [
                "sha256:0d428477703d8386eb6aeed6e522c9f22d49f4363cdf4ed6a2ba3dc276053e20",
                "sha256:d5bb9405a4b8de48e36709238e8b91b4f6f300f81a5132ba2531a9a738eca391"
            ],
            "version": "==3.6.2"
        },
        "six": {
            "hashes": [
                "sha256:1e61c37477a1626458e36f7b1d82aa5c9b094fa4802892072e49de9c60c4c926",
                "sha256:8abb2f1d86890a2dfb989f9a77cfcfd3e47c2a354b01111771326f8aa26e0254"
            ],
            "version": "==1.16.0"
        },
        "spacy": {
            "hashes": [
                "sha256:0d3a985f79ca9b2966660cd9d0b880f7a998eaa8cd14ecd207a42ca5a4401703",
                "sha256:123f3b70afa16516ffe458cd8718793e4aab8ab10085a9d0dc121076746dcb57",
                "sha256:1dac9b9e054812cc0f846d5a4ce01f8758b0c1d6807327fb81a30f5685035a89",
                "sha256:3515ab4143f7503eada723b2b4b2f851c780ad3aa9f665e7d2355cae3d5070e5",
                "sha256:42f4578370b988a1e142bf84e596e2a370b75be6357202225b1d9cf33c5de4e0",
                "sha256:5bb0cc71485d6b4a7678b6bc738c545599ba555413adad557b433338093bdd36",
                "sha256:6cded7c8c5f83d225e6d7e8fa1d30180727d265d27fccdd31bbc4e340f2eb78b",
                "sha256:799d74e4035ca8644afbe06312f3a399331acc9f4e81a7de8a9166fe267863b1",
                "sha256:83ed5708e24228a629478407c473c0347a7cfbea9fd7999bb5d9dbae44f5008e",
                "sha256:881141bf6ab12fba8d782095b07514e6bf1094e37f0380977e3750d138f3d236",
                "sha256:896fb7d01c0e07dbde401119cddb2e0df2127f79dceb9596c09f37f5e9f3af74",
                "sha256:aa7e91251e420baea2685d06f45c53c5d4a1dbf6a965e6cd75ce3cd8b23a2c66",
                "sha256:afe43c38e7f1fd636b1a561c69c8654043a73d0a36fc61e6d51f32dca6b4514e",
                "sha256:fbaba13090b05576c7fd507afceb571a6af92911973e6bd3eee1f99b8cbbccc1"
            ],
            "index": "pypi",
            "version": "==2.0.18"
        },
        "thinc": {
            "hashes": [
                "sha256:07394fc067b6ff361b56fe4bdd310fa4b991d3783cc2bc7c201d30f594818182",
                "sha256:1f957eed3cfa5fc42cc454d2a954f0ec00561286ad1b219164096efa813dc8d7",
                "sha256:2760e3a79af4e2116b28961a6a4331bf9e547ad7c4f06051c045a70c829096c3",
                "sha256:2ff44ce3d118536b26dd1ad147916392cc88f8619757174dafaaea98141f4e2e",
                "sha256:32dda224e0f0f331b2be87e503f5d3ea5be7095f9c63377e4a33d0dc33601318",
                "sha256:4be66c2b49c2a6ffeef2c5dc199122faf9af64afeade1dfdc8595fd029af2210",
                "sha256:77b601a63f5881f7d3b05ba0f24861384b856f3879bb13341b0d8f7e8fc05eb8",
                "sha256:90c59454efd7b7a54e68bdc129f411bb27661080b9eba2e2b07e68d6c74277ce",
                "sha256:ab999d890c791b90c5f2f0554a542b6ccb1eba4597479c1f377c052e8481f3f0",
                "sha256:ca80b5625df23155d69786fde0912c1a4c7337a2e6f1373c8c9b0e90535986c5",
                "sha256:e27979b6209a1ae1de53b3b554e3db175730e485799fa43e24e4bdcae850c684",
                "sha256:f2aead4c354052989ac2462d24fd98e43ebe7421282faa2a0f0c44fedac50d23"
            ],
            "version": "==6.12.1"
        },
        "toolz": {
            "hashes": [
                "sha256:1bc473acbf1a1db4e72a1ce587be347450e8f08324908b8a266b486f408f04d5",
                "sha256:c7a47921f07822fe534fb1c01c9931ab335a4390c782bd28c6bcc7c2f71f3fbf"
            ],
            "version": "==0.11.1"
        },
        "tqdm": {
            "hashes": [
                "sha256:736524215c690621b06fc89d0310a49822d75e599fcd0feb7cc742b98d692493",
                "sha256:cd5791b5d7c3f2f1819efc81d36eb719a38e0906a7380365c556779f585ea042"
            ],
            "version": "==4.61.0"
        },
        "ujson": {
            "hashes": [
                "sha256:0784f35f2ace41ed55c435ee11f9d9877cf3e6ff03c8850f87504cb93e9a9469",
                "sha256:0bdc62a1543d697e9c649ac0ac41e0d076a7b886d6b45f9f21971e25b90a2b27",
                "sha256:17460d88dd4b9630e449e5d29b97301e6dbbbedbf46a6f95f3b2cb7e1333e6ea",
                "sha256:2050c7f1ce72055f1b6fba29e4694ccf4509917d3be3ed6f3543ef3ff00eec4a",
                "sha256:253edfe274538bb1060ab8877d51fc75e416047d5fab5340454a48b971f30612",
                "sha256:2d50cb3d87d4aabe6dbeb6ef79025bf9fdf350c4355c24819dc5c5cc38bad3dc",
                "sha256:437e051a3e292ddbd5b4682f9b6c3e2ea4cd059d0d75bc9f8314349d63cbb015",
                "sha256:59048958793e0b0489449a414e2fbe54644457be1dd882b99a4fe16158632af1",
                "sha256:5ae6f599ef7c01ef626697f9e15e9d4e2a186ab4c0593ddb529b86866b562efb",
                "sha256:66d47eabb4f0e12b5784b1a49c59bc6f32e91e18e02f2a43c5e91e2f6ad9cc60",
                "sha256:6ee651c0210a67e3a72367de53ccac83b623913214e7c75015caadfad2b7e0dc",
                "sha256:6f7c24dabb0ff0ff43744d18211af6035ef37197f530c13edf704e627da7251d",
                "sha256:7060105de892cada2f01bd072d33b2421b4eefd32536207c1c9f2ade18656139",
                "sha256:782bdf016da793a3bf138e50ed973428e59006b8d73a9e1911bc6207c6b79fff",
                "sha256:7b6496b3e2bc396628f114fd96ec41655b10c84adececc0ef8cf1c2329dae36c",
                "sha256:812748c8de041f1ef5e9b37f33121c0c7390055fa5f12215b3d06a63b1c055a2",
                "sha256:a27ea44406100a97fb0fcc0b18dcdaf324824e722a00856a2992fafc65779351",
                "sha256:a476525862a394018a7a3438c86596815b84518b2744184444fc6f8b0e3e4aee",
                "sha256:abb1996ba1c1d2faf5b1e38efa97da7f64e5373a31f705b96fe0587f5f778db4",
                "sha256:d0ad63fc88d4e4cb7630f59aacd742256804a4cee447e9589e55957107a469b7",
                "sha256:fda324ca055e671eae46e8fc32b46fab20eb251d3e6e22beb67f71f1d240b0b4"
            ],
            "version": "==3.2.0"
        },
        "urllib3": {
            "hashes": [
                "sha256:753a0374df26658f99d826cfe40394a686d05985786d946fbe4165b5148f5a7c",
                "sha256:a7acd0977125325f516bda9735fa7142b909a8d01e8b2e4c8108d0984e6e0098"
            ],
            "index": "pypi",
            "version": "==1.26.5"
        },
        "wrapt": {
            "hashes": [
                "sha256:d4d560d479f2c21e1b5443bbd15fe7ec4b37fe7e53d335d3b9b0a7b1226fe3c6"
            ],
            "version": "==1.10.11"
        }
    },
    "develop": {}
}
